dependencies:
- name: gliding-club-crm-client
  repository: file://../../client/helm
  version: 0.0.1
- name: gliding-club-crm-server
  repository: file://../../server/helm
  version: 0.0.1
- name: postgresql
  repository: https://charts.bitnami.com/bitnami
  version: 12.1.3
digest: sha256:c12fcf2fd7bfe85ec390726b40f9ee4dee8f643336fa044f8474b0c80b88ebce
generated: "2023-01-15T17:46:12.888207+02:00"
