dependencies:
- name: gliding-club-crm-client
  repository: file://../../client/helm
  version: 0.0.1
- name: gliding-club-crm-server
  repository: file://../../server/helm
  version: 0.0.1
- name: postgresql
  repository: https://charts.bitnami.com/bitnami
  version: 12.1.3
digest: sha256:8bade73ac5e215f484bb3bcb561a1910f8bbc48d6145f64546e9c145e666a784
generated: "2023-01-12T22:58:42.48591+02:00"
